
Microsoft Visual Studio Solution File, Format Version 12.00
# Visual Studio Version 16
VisualStudioVersion = 16.0.30011.22
MinimumVisualStudioVersion = 10.0.40219.1
Project("{FAE04EC0-301F-11D3-BF4B-00C04F79EFBC}") = "major project", "major project.csproj", "{51DBF5B5-E24D-4762-992C-93288086B9FF}"
EndProject
Global
	GlobalSection(SolutionConfigurationPlatforms) = preSolution
		Debug|Any CPU = Debug|Any CPU
		Release|Any CPU = Release|Any CPU
	EndGlobalSection
	GlobalSection(ProjectConfigurationPlatforms) = postSolution
		{51DBF5B5-E24D-4762-992C-93288086B9FF}.Debug|Any CPU.ActiveCfg = Debug|Any CPU
		{51DBF5B5-E24D-4762-992C-93288086B9FF}.Debug|Any CPU.Build.0 = Debug|Any CPU
		{51DBF5B5-E24D-4762-992C-93288086B9FF}.Release|Any CPU.ActiveCfg = Release|Any CPU
		{51DBF5B5-E24D-4762-992C-93288086B9FF}.Release|Any CPU.Build.0 = Release|Any CPU
	EndGlobalSection
	GlobalSection(SolutionProperties) = preSolution
		HideSolutionNode = FALSE
	EndGlobalSection
	GlobalSection(ExtensibilityGlobals) = postSolution
		SolutionGuid = {88B86B7A-D665-4D28-9F39-4B75B0586209}
	EndGlobalSection
EndGlobal
